
Microsoft Visual Studio Solution File, Format Version 12.00
# Visual Studio Version 17
VisualStudioVersion = 17.10.35122.118
MinimumVisualStudioVersion = 10.0.40219.1
Project("{FAE04EC0-301F-11D3-BF4B-00C04F79EFBC}") = "AppMusic", "AppMusic.csproj", "{3E83E5ED-9D5A-431B-98AA-3376839C1F0A}"
EndProject
Global
	GlobalSection(SolutionConfigurationPlatforms) = preSolution
		Debug|Any CPU = Debug|Any CPU
		Release|Any CPU = Release|Any CPU
	EndGlobalSection
	GlobalSection(ProjectConfigurationPlatforms) = postSolution
		{3E83E5ED-9D5A-431B-98AA-3376839C1F0A}.Debug|Any CPU.ActiveCfg = Debug|Any CPU
		{3E83E5ED-9D5A-431B-98AA-3376839C1F0A}.Debug|Any CPU.Build.0 = Debug|Any CPU
		{3E83E5ED-9D5A-431B-98AA-3376839C1F0A}.Debug|Any CPU.Deploy.0 = Debug|Any CPU
		{3E83E5ED-9D5A-431B-98AA-3376839C1F0A}.Release|Any CPU.ActiveCfg = Release|Any CPU
		{3E83E5ED-9D5A-431B-98AA-3376839C1F0A}.Release|Any CPU.Build.0 = Release|Any CPU
		{3E83E5ED-9D5A-431B-98AA-3376839C1F0A}.Release|Any CPU.Deploy.0 = Release|Any CPU
	EndGlobalSection
	GlobalSection(SolutionProperties) = preSolution
		HideSolutionNode = FALSE
	EndGlobalSection
	GlobalSection(ExtensibilityGlobals) = postSolution
		SolutionGuid = {256BCD14-308F-405B-B9A3-74CAA71F6E0B}
	EndGlobalSection
EndGlobal
